{
  "name": "tmp_si",
  "version": "1.0.0",
  "lockfileVersion": 3,
  "requires": true,
  "packages": {
    "": {
      "name": "tmp_si",
      "version": "1.0.0",
      "license": "ISC",
      "dependencies": {
        "simple-icons": "^16.21.0"
      }
    },
    "node_modules/simple-icons": {
      "version": "16.21.0",
      "resolved": "https://registry.npmjs.org/simple-icons/-/simple-icons-16.21.0.tgz",
      "integrity": "sha512-kH6LEx5yvBGVNaVrHnZ7D17G16CmmHiI8DD7MwIwgnWmDFTiFu4PhFZLNdV6bMGr61qbHMMTXLoo/T6C25dMGA==",
      "funding": [
        {
          "type": "opencollective",
          "url": "https://opencollective.com/simple-icons"
        },
        {
          "type": "github",
          "url": "https://github.com/sponsors/simple-icons"
        }
      ],
      "license": "CC0-1.0",
      "engines": {
        "node": ">=0.12.18"
      }
    }
  }
}
